
Microsoft Visual Studio Solution File, Format Version 12.00
# Visual Studio Version 16
VisualStudioVersion = 16.0.31702.278
MinimumVisualStudioVersion = 10.0.40219.1
Project("{9A19103F-16F7-4668-BE54-9A1E7A4F7556}") = "Cake.MarkdownToPdf", "src\Cake.MarkdownToPdf\Cake.MarkdownToPdf.csproj", "{8731FA2B-39FA-4D77-BDE6-897B2D45CE4C}"
EndProject
Project("{9A19103F-16F7-4668-BE54-9A1E7A4F7556}") = "Cake.MarkdownToPdf.Tests", "tests\Cake.MarkdownToPdf.Tests\Cake.MarkdownToPdf.Tests.csproj", "{AFDB449F-60E6-48FD-B8EE-9BA85D5E487D}"
EndProject
Project("{9A19103F-16F7-4668-BE54-9A1E7A4F7556}") = "Cake.Frosting.Tests", "tests\Cake.Frosting.Tests\Cake.Frosting.Tests.csproj", "{CBAC5EBF-B4C9-4130-8633-424354EFE303}"
EndProject
Project("{2150E333-8FDC-42A3-9474-1A3956D46DE8}") = "Solution Items", "Solution Items", "{F3A782D4-0648-4BC5-9805-173D7FA07A64}"
	ProjectSection(SolutionItems) = preProject
		.editorconfig = .editorconfig
	EndProjectSection
EndProject
Global
	GlobalSection(SolutionConfigurationPlatforms) = preSolution
		Debug|Any CPU = Debug|Any CPU
		Release|Any CPU = Release|Any CPU
	EndGlobalSection
	GlobalSection(ProjectConfigurationPlatforms) = postSolution
		{8731FA2B-39FA-4D77-BDE6-897B2D45CE4C}.Debug|Any CPU.ActiveCfg = Debug|Any CPU
		{8731FA2B-39FA-4D77-BDE6-897B2D45CE4C}.Debug|Any CPU.Build.0 = Debug|Any CPU
		{8731FA2B-39FA-4D77-BDE6-897B2D45CE4C}.Release|Any CPU.ActiveCfg = Release|Any CPU
		{8731FA2B-39FA-4D77-BDE6-897B2D45CE4C}.Release|Any CPU.Build.0 = Release|Any CPU
		{AFDB449F-60E6-48FD-B8EE-9BA85D5E487D}.Debug|Any CPU.ActiveCfg = Debug|Any CPU
		{AFDB449F-60E6-48FD-B8EE-9BA85D5E487D}.Debug|Any CPU.Build.0 = Debug|Any CPU
		{AFDB449F-60E6-48FD-B8EE-9BA85D5E487D}.Release|Any CPU.ActiveCfg = Release|Any CPU
		{AFDB449F-60E6-48FD-B8EE-9BA85D5E487D}.Release|Any CPU.Build.0 = Release|Any CPU
		{CBAC5EBF-B4C9-4130-8633-424354EFE303}.Debug|Any CPU.ActiveCfg = Debug|Any CPU
		{CBAC5EBF-B4C9-4130-8633-424354EFE303}.Debug|Any CPU.Build.0 = Debug|Any CPU
		{CBAC5EBF-B4C9-4130-8633-424354EFE303}.Release|Any CPU.ActiveCfg = Release|Any CPU
		{CBAC5EBF-B4C9-4130-8633-424354EFE303}.Release|Any CPU.Build.0 = Release|Any CPU
	EndGlobalSection
	GlobalSection(SolutionProperties) = preSolution
		HideSolutionNode = FALSE
	EndGlobalSection
	GlobalSection(ExtensibilityGlobals) = postSolution
		SolutionGuid = {24BCB32A-1FCF-460A-9611-CA7E0087548B}
	EndGlobalSection
EndGlobal
