
Microsoft Visual Studio Solution File, Format Version 12.00
# Visual Studio 15
VisualStudioVersion = 15.0.26730.12
MinimumVisualStudioVersion = 10.0.40219.1
Project("{FAE04EC0-301F-11D3-BF4B-00C04F79EFBC}") = "Cake.MarkdownToPdf", "Cake.MarkdownToPdf\Cake.MarkdownToPdf.csproj", "{8731FA2B-39FA-4D77-BDE6-897B2D45CE4C}"
EndProject
Global
	GlobalSection(SolutionConfigurationPlatforms) = preSolution
		Debug|Any CPU = Debug|Any CPU
		Release|Any CPU = Release|Any CPU
	EndGlobalSection
	GlobalSection(ProjectConfigurationPlatforms) = postSolution
		{8731FA2B-39FA-4D77-BDE6-897B2D45CE4C}.Debug|Any CPU.ActiveCfg = Debug|Any CPU
		{8731FA2B-39FA-4D77-BDE6-897B2D45CE4C}.Debug|Any CPU.Build.0 = Debug|Any CPU
		{8731FA2B-39FA-4D77-BDE6-897B2D45CE4C}.Release|Any CPU.ActiveCfg = Release|Any CPU
		{8731FA2B-39FA-4D77-BDE6-897B2D45CE4C}.Release|Any CPU.Build.0 = Release|Any CPU
	EndGlobalSection
	GlobalSection(SolutionProperties) = preSolution
		HideSolutionNode = FALSE
	EndGlobalSection
	GlobalSection(ExtensibilityGlobals) = postSolution
		SolutionGuid = {24BCB32A-1FCF-460A-9611-CA7E0087548B}
	EndGlobalSection
EndGlobal
